
Microsoft Visual Studio Solution File, Format Version 12.00
# Visual Studio Version 17
VisualStudioVersion = 17.2.32602.215
MinimumVisualStudioVersion = 10.0.40219.1
Project("{8BC9CEB8-8B4A-11D0-8D11-00A0C91BC942}") = "GraniteGame", "GraniteGame.vcxproj", "{0F129189-A2A1-4FF9-8AD8-F12F339EA005}"
EndProject
Global
	GlobalSection(SolutionConfigurationPlatforms) = preSolution
		Debug|x64 = Debug|x64
		Debug|x86 = Debug|x86
		Release|x64 = Release|x64
		Release|x86 = Release|x86
	EndGlobalSection
	GlobalSection(ProjectConfigurationPlatforms) = postSolution
		{0F129189-A2A1-4FF9-8AD8-F12F339EA005}.Debug|x64.ActiveCfg = Debug|x64
		{0F129189-A2A1-4FF9-8AD8-F12F339EA005}.Debug|x64.Build.0 = Debug|x64
		{0F129189-A2A1-4FF9-8AD8-F12F339EA005}.Debug|x86.ActiveCfg = Debug|Win32
		{0F129189-A2A1-4FF9-8AD8-F12F339EA005}.Debug|x86.Build.0 = Debug|Win32
		{0F129189-A2A1-4FF9-8AD8-F12F339EA005}.Release|x64.ActiveCfg = Release|x64
		{0F129189-A2A1-4FF9-8AD8-F12F339EA005}.Release|x64.Build.0 = Release|x64
		{0F129189-A2A1-4FF9-8AD8-F12F339EA005}.Release|x86.ActiveCfg = Release|Win32
		{0F129189-A2A1-4FF9-8AD8-F12F339EA005}.Release|x86.Build.0 = Release|Win32
	EndGlobalSection
	GlobalSection(SolutionProperties) = preSolution
		HideSolutionNode = FALSE
	EndGlobalSection
	GlobalSection(ExtensibilityGlobals) = postSolution
		SolutionGuid = {572A0F7A-2577-498B-A29D-875882D0CC1E}
	EndGlobalSection
EndGlobal
